{
  "name": "secure-telegram-userbot",
  "version": "1.0.0",
  "lockfileVersion": 2,
  "requires": true,
  "packages": {
    "": {
      "name": "secure-telegram-userbot",
      "version": "1.0.0",
      "dependencies": {
        "telegram": "^2.18.0",
        "typescript": "^5.0.0"
      },
      "devDependencies": {
        "@types/node": "^20.0.0",
        "ts-node": "^10.9.0"
      }
    },
    "node_modules/@types/node": {
      "version": "20.10.5",
      "resolved": "https://registry.npmjs.org/@types/node/-/node-20.10.5.tgz",
      "integrity": "sha512-nNPsNE65wjMxOaMPl0VLFSzY1UESfBsfmBSGbGXGFeMSQ00VJv//JeuM6R/4k9JatbSNH5DQLNxztzQSYpDcHA==",
      "dev": true
    },
    "node_modules/telegram": {
      "version": "2.18.0",
      "resolved": "https://registry.npmjs.org/telegram/-/telegram-2.18.0.tgz",
      "integrity": "sha512-7pL9V8VJ9C9W9w1VJ9J9J9J9J9J9J9J9J9J9J9J9J9J9J9J9J9J9J9J9J9J9J9J9J9J9J9J9J9J9J9J9J9J9J9J9J9J9J9J9J9J9J9J9J9J9J9J9J9J9J9J9J9J9J9J9J9J9J9J9J9J9J9J9J9J9J9J9J9J9J9J9J9J9J9J9J9J9J9J9J9J9J9J9J9J9J9J9J9J9J9J9J9J9J9J9J9J9J9J9J9J9J9J9J9J9J9J9J9J9J9J9J9J9J9J9J9J9J9J9J9J9J9J9J9J9J9J9J9J9J9J9J9J9J9J9J9J9J9J9J9J9J9J9J9J9J9J9J9J9J9J9J9J9J9J9J9J9J9J9J9J9J9J9J9J9J9J9J9J9J9J9J9J9J9J9J9J9J9J9J9J9J9J9J9J9J9J9J9J9J9J9J9J9J9J9J9J9J9J9J9J9J9J9J9J9J9J9J9J9J9J9J9J9J9J9J9J9J9J9J9J9J9J9J9J9J9J9J9J9J9J9J9J9J9J9J9J9J9J9J9J9J9J9J9J9J9J9J9J9J9J9J9J9J9J9J9J9J9J9J9J9J9J9J9J9J9J9J9J9J9J9J9J9J9J9J9J9J9J9J9J9J9J9J9J9J9J9J9J9J9J9J9J9J9J9J9J9J9J9J9J9J9J9J9J9J9J9J9J9J9J9J9J9J9J9J9J9J9J9J9J9J9J9J9J9J9J9J9J9J9J9J9J9J9J9J9J9J9J9J9J9J9J9J9J9J9J9J9J9J9J9J9J9J9J9J9J9J9J9J9J9J9J9J9J9J9J9J9J9J9J9J9J9J9J9J9J9J9J9J9J9J9J9J9J9J9J9J9J9J9J9J9J9J9J9J9J9J9J9J9J9J9J9J9J9J9J9J9J9J9J9J9J9J9J9J9J9J9J9J9J9J9J9J9J9J9J9J9J9J9J9J9J9J9J9J9J9J9J9J9J9J9J9J9J9J9J9J9J9J9J9J9J9J9J9J9J9J9J9J9J9J9J9J9J9J9J9J9J9J9J9J9J9J9J9J9J9J9J9J9J9J9J9J9J9J9J9J9J9J9J9J9J9J9J9J9J9J9J9J9J9J9J9J9J9J9J9J9J9J9J9J9J9J9J9J9J9J9J9J9J9J9J9J9J9J9J9J9J9J9J9J9J9J9J9J9J9J9J9J9J9J9J9J9J9J9J9J9J9J9J9J9J9J9J9J9J9J9J9J9J9J9J9J9J9J9J9J9J9J9J9J9J9J9J9J9J9J9J9J9J9J9J9J9J9J9J9J9J9J9J9J9J9J9J9J9J9J9J9J9J9J9J9J9J9J9J9J9J9J9J9J9J9J9J9J9J9J9J9J9J9J9J9J9J9J9J9J9J9J9J9J9J9J9J9J9J9J9J9J9J9J9J9J9J9J9J9J9J9J9J9J9J9J9J9J9J9J9J9J9J9J9J9J9J9J9J9J9J9J9J9J9J9J9J9J9J9J9J9J9J9J9J9J9J9J9J9J9J9J9J9J9J9J9J9J9J9J9J9J9J9J9J9J9J9J9J9J9J9J9J9J9J9J9J9J9J9J9J9J9J9J9J9J9J9J9J9J9J9J9J9J9J9J9J9J9J9J9J9J9J9J9J9J9J9J9J9J9J9J9J9J9J9J9J9J9J9J9J9J9J9J9J9J9J9J9J9J9J9J9J9J9J9J9J9J9J9J9J9J9J9J9J9J9J9J9J9J9J9J9J9J9J9J9J9J9J9J9J9J9J9J9J9J9J9J9J9J9J9J9J9J9J9J9J9J9J9J9J9J9J9J9J9J9J9J9J9J9J9J9J9J9J9J9J9J9J9J9J9J9J9J9J9J9J9J9J9J9J9J9J9J9J9J9J9J9J9J9J9J9J9J9J9J9J9J9J9J9J9J9J9J9J9J9J9J9J9J9J9J9J9J9J9J9J9J9J9J9J9J9J9J9J9J9J9J9J9J9J9J9J9J9
